{"version":4,"terraform_version":"1.10.7","serial":32,"lineage":"da8e1fc8-e1d6-85ab-96de-25126adb7d3c","outputs":{"account-id":{"value":"182545048321","type":"string"}},"resources":[{"mode":"data","type":"aws_caller_identity","name":"current","provider":"provider[\"registry.opentofu.org/hashicorp/aws\"]","instances":[{"schema_version":0,"attributes":{"account_id":"182545048321","arn":"arn:aws:iam::182545048321:user/emanuele.viale","id":"182545048321","user_id":"AIDASVAEIMMA3RU2CSTUH"},"sensitive_attributes":[]}]},{"mode":"managed","type":"aws_iam_policy","name":"permission_policy_s3_cross_account","provider":"provider[\"registry.opentofu.org/hashicorp/aws\"]","instances":[{"index_key":0,"schema_version":0,"attributes":{"arn":"arn:aws:iam::182545048321:policy/policy-s3-webdac-write","attachment_count":1,"description":"","id":"arn:aws:iam::182545048321:policy/policy-s3-webdac-write","name":"policy-s3-webdac-write","name_prefix":"","path":"/","policy":"{\"Statement\":[{\"Action\":[\"s3:ListBucket\",\"s3:GetBucketLocation\",\"s3:ListBucketMultipartUploads\",\"s3:ListBucketVersions\",\"s3:PutObject\",\"s3:PutObjectAcl\",\"s3:GetObject\",\"s3:DeleteObject\"],\"Effect\":\"Allow\",\"Resource\":\"arn:aws:s3:::test-s3-gdrps3-etl-np-bsn0029686-dev-eu-west-1\"},{\"Action\":[\"s3:GetObject\",\"s3:GetObjectAcl\",\"s3:GetObjectTagging\",\"s3:GetObjectVersion\",\"s3:GetObjectVersionAcl\",\"s3:GetObjectVersionTagging\",\"s3:GetObjectAttributes\",\"s3:GetObjectVersionAttributes\",\"s3:GetObjectLegalHold\",\"s3:GetObjectRetention\",\"s3:PutObject\",\"s3:PutObjectAcl\",\"s3:PutObjectTagging\",\"s3:PutObjectVersionTagging\",\"s3:PutObjectLegalHold\",\"s3:PutObjectRetention\",\"s3:DeleteObject\",\"s3:DeleteObjectVersion\",\"s3:DeleteObjectTagging\",\"s3:DeleteObjectVersionTagging\",\"s3:AbortMultipartUpload\",\"s3:ListMultipartUploadParts\",\"s3:ObjectOwnerOverrideToBucketOwner\"],\"Effect\":\"Allow\",\"Resource\":\"arn:aws:s3:::test-s3-gdrps3-etl-np-bsn0029686-dev-eu-west-1/webdac/*\"}],\"Version\":\"2012-10-17\"}","policy_id":"ANPASVAEIMMATBKVSXGEW","tags":{},"tags_all":{}},"sensitive_attributes":[],"private":"bnVsbA=="}]},{"mode":"managed","type":"aws_iam_policy","name":"permission_policy_s3_mockup_prod_cross_account","provider":"provider[\"registry.opentofu.org/hashicorp/aws\"]","instances":[{"index_key":0,"schema_version":0,"attributes":{"arn":"arn:aws:iam::182545048321:policy/policy-s3-mockup-prod-webdac-write","attachment_count":1,"description":"","id":"arn:aws:iam::182545048321:policy/policy-s3-mockup-prod-webdac-write","name":"policy-s3-mockup-prod-webdac-write","name_prefix":"","path":"/","policy":"{\"Statement\":[{\"Action\":[\"s3:ListBucket\",\"s3:GetBucketLocation\",\"s3:ListBucketMultipartUploads\",\"s3:ListBucketVersions\",\"s3:PutObject\",\"s3:PutObjectAcl\",\"s3:GetObject\",\"s3:DeleteObject\"],\"Effect\":\"Allow\",\"Resource\":[\"arn:aws:s3:::s3-gdrps3-etl-np-bsn0029686-mockup-prod-eu-west-1\"]},{\"Action\":[\"s3:GetObject\",\"s3:GetObjectAcl\",\"s3:GetObjectTagging\",\"s3:GetObjectVersion\",\"s3:GetObjectVersionAcl\",\"s3:GetObjectVersionTagging\",\"s3:GetObjectAttributes\",\"s3:GetObjectVersionAttributes\",\"s3:GetObjectLegalHold\",\"s3:GetObjectRetention\",\"s3:PutObject\",\"s3:PutObjectAcl\",\"s3:PutObjectTagging\",\"s3:PutObjectVersionTagging\",\"s3:PutObjectLegalHold\",\"s3:PutObjectRetention\",\"s3:DeleteObject\",\"s3:DeleteObjectVersion\",\"s3:DeleteObjectTagging\",\"s3:DeleteObjectVersionTagging\",\"s3:AbortMultipartUpload\",\"s3:ListMultipartUploadParts\",\"s3:ObjectOwnerOverrideToBucketOwner\"],\"Effect\":\"Allow\",\"Resource\":[\"arn:aws:s3:::s3-gdrps3-etl-np-bsn0029686-mockup-prod-eu-west-1/webdac/*\"]}],\"Version\":\"2012-10-17\"}","policy_id":"ANPASVAEIMMAVZYM5KFBZ","tags":{},"tags_all":{}},"sensitive_attributes":[],"private":"bnVsbA=="}]},{"mode":"managed","type":"aws_iam_policy","name":"permission_policy_s3_test_cross_account","provider":"provider[\"registry.opentofu.org/hashicorp/aws\"]","instances":[{"index_key":0,"schema_version":0,"attributes":{"arn":"arn:aws:iam::182545048321:policy/policy-s3-folder-20251030-write","attachment_count":1,"description":"","id":"arn:aws:iam::182545048321:policy/policy-s3-folder-20251030-write","name":"policy-s3-folder-20251030-write","name_prefix":"","path":"/","policy":"{\"Statement\":[{\"Action\":[\"s3:ListBucket\",\"s3:GetBucketLocation\",\"s3:ListBucketMultipartUploads\",\"s3:ListBucketVersions\",\"s3:PutObject\",\"s3:PutObjectAcl\",\"s3:GetObject\",\"s3:DeleteObject\"],\"Effect\":\"Allow\",\"Resource\":\"arn:aws:s3:::bucket-20251030-ncv134fkfvrtvrwn\"},{\"Action\":[\"s3:GetObject\",\"s3:GetObjectAcl\",\"s3:GetObjectTagging\",\"s3:GetObjectVersion\",\"s3:GetObjectVersionAcl\",\"s3:GetObjectVersionTagging\",\"s3:GetObjectAttributes\",\"s3:GetObjectVersionAttributes\",\"s3:GetObjectLegalHold\",\"s3:GetObjectRetention\",\"s3:PutObject\",\"s3:PutObjectAcl\",\"s3:PutObjectTagging\",\"s3:PutObjectVersionTagging\",\"s3:PutObjectLegalHold\",\"s3:PutObjectRetention\",\"s3:DeleteObject\",\"s3:DeleteObjectVersion\",\"s3:DeleteObjectTagging\",\"s3:DeleteObjectVersionTagging\",\"s3:AbortMultipartUpload\",\"s3:ListMultipartUploadParts\",\"s3:ObjectOwnerOverrideToBucketOwner\"],\"Effect\":\"Allow\",\"Resource\":\"arn:aws:s3:::bucket-20251030-ncv134fkfvrtvrwn/folder-20251030/*\"}],\"Version\":\"2012-10-17\"}","policy_id":"ANPASVAEIMMAXO4JV5KL7","tags":{},"tags_all":{}},"sensitive_attributes":[],"private":"bnVsbA=="}]},{"mode":"managed","type":"aws_iam_role","name":"role_s3_cross_account","provider":"provider[\"registry.opentofu.org/hashicorp/aws\"]","instances":[{"index_key":0,"schema_version":0,"attributes":{"arn":"arn:aws:iam::182545048321:role/role-emeahub-primeur-s3-webdac-write","assume_role_policy":"{\"Statement\":[{\"Action\":\"sts:AssumeRole\",\"Effect\":\"Allow\",\"Principal\":{\"AWS\":[\"arn:aws:iam::905418403597:role/role-emeahub-primeur\",\"arn:aws:iam::905418403597:role/role-emeahub-xf-prod-automation\",\"arn:aws:iam::899011411636:user/user-emeahub-xf-prod-automation-aid5hy7k\"]}}],\"Version\":\"2012-10-17\"}","create_date":"2025-10-23T09:33:01Z","description":"","force_detach_policies":false,"id":"role-emeahub-primeur-s3-webdac-write","inline_policy":[],"managed_policy_arns":["arn:aws:iam::182545048321:policy/policy-s3-webdac-write"],"max_session_duration":3600,"name":"role-emeahub-primeur-s3-webdac-write","name_prefix":"","path":"/","permissions_boundary":"","tags":{},"tags_all":{},"unique_id":"AROASVAEIMMAUUIMG347H"},"sensitive_attributes":[],"private":"bnVsbA=="}]},{"mode":"managed","type":"aws_iam_role","name":"role_s3_mockup_prod_cross_account","provider":"provider[\"registry.opentofu.org/hashicorp/aws\"]","instances":[{"index_key":0,"schema_version":0,"attributes":{"arn":"arn:aws:iam::182545048321:role/role-emeahub-primeur-s3-mockup-prod-webdac-write","assume_role_policy":"{\"Statement\":[{\"Action\":\"sts:AssumeRole\",\"Effect\":\"Allow\",\"Principal\":{\"AWS\":[\"arn:aws:iam::905418403597:role/role-emeahub-primeur-test\",\"arn:aws:iam::905418403597:role/role-emeahub-xf-prod-automation\",\"arn:aws:iam::899011411636:user/user-emeahub-xf-prod-automation-aid5hy7k\"]}}],\"Version\":\"2012-10-17\"}","create_date":"2025-12-02T14:49:44Z","description":"","force_detach_policies":false,"id":"role-emeahub-primeur-s3-mockup-prod-webdac-write","inline_policy":[],"managed_policy_arns":["arn:aws:iam::182545048321:policy/policy-s3-mockup-prod-webdac-write"],"max_session_duration":3600,"name":"role-emeahub-primeur-s3-mockup-prod-webdac-write","name_prefix":"","path":"/","permissions_boundary":"","tags":{},"tags_all":{},"unique_id":"AROASVAEIMMARKIRLAQXC"},"sensitive_attributes":[],"private":"bnVsbA=="}]},{"mode":"managed","type":"aws_iam_role","name":"role_s3_test_cross_account","provider":"provider[\"registry.opentofu.org/hashicorp/aws\"]","instances":[{"index_key":0,"schema_version":0,"attributes":{"arn":"arn:aws:iam::182545048321:role/role-emeahub-primeur-s3-folder-20251030-write","assume_role_policy":"{\"Statement\":[{\"Action\":\"sts:AssumeRole\",\"Effect\":\"Allow\",\"Principal\":{\"AWS\":[\"arn:aws:iam::905418403597:role/role-emeahub-primeur-test\",\"arn:aws:iam::905418403597:role/role-emeahub-xf-prod-automation\",\"arn:aws:iam::899011411636:user/user-emeahub-xf-prod-automation-aid5hy7k\"]}}],\"Version\":\"2012-10-17\"}","create_date":"2025-10-30T18:11:30Z","description":"","force_detach_policies":false,"id":"role-emeahub-primeur-s3-folder-20251030-write","inline_policy":[],"managed_policy_arns":["arn:aws:iam::182545048321:policy/policy-s3-folder-20251030-write"],"max_session_duration":3600,"name":"role-emeahub-primeur-s3-folder-20251030-write","name_prefix":"","path":"/","permissions_boundary":"","tags":{},"tags_all":{},"unique_id":"AROASVAEIMMA7GF744QNS"},"sensitive_attributes":[],"private":"bnVsbA=="}]},{"mode":"managed","type":"aws_iam_role_policy_attachment","name":"role_policy_attachment_s3_cross_account","provider":"provider[\"registry.opentofu.org/hashicorp/aws\"]","instances":[{"index_key":0,"schema_version":0,"attributes":{"id":"role-emeahub-primeur-s3-webdac-write-20251023093304075100000001","policy_arn":"arn:aws:iam::182545048321:policy/policy-s3-webdac-write","role":"role-emeahub-primeur-s3-webdac-write"},"sensitive_attributes":[],"private":"bnVsbA==","dependencies":["aws_iam_policy.permission_policy_s3_cross_account","aws_iam_role.role_s3_cross_account"]}]},{"mode":"managed","type":"aws_iam_role_policy_attachment","name":"role_policy_attachment_s3_mockup_prod_cross_account","provider":"provider[\"registry.opentofu.org/hashicorp/aws\"]","instances":[{"index_key":0,"schema_version":0,"attributes":{"id":"role-emeahub-primeur-s3-mockup-prod-webdac-write-20251202144945507900000001","policy_arn":"arn:aws:iam::182545048321:policy/policy-s3-mockup-prod-webdac-write","role":"role-emeahub-primeur-s3-mockup-prod-webdac-write"},"sensitive_attributes":[],"private":"bnVsbA==","dependencies":["aws_iam_policy.permission_policy_s3_mockup_prod_cross_account","aws_iam_role.role_s3_mockup_prod_cross_account"]}]},{"mode":"managed","type":"aws_iam_role_policy_attachment","name":"role_policy_attachment_s3_test_cross_account","provider":"provider[\"registry.opentofu.org/hashicorp/aws\"]","instances":[{"index_key":0,"schema_version":0,"attributes":{"id":"role-emeahub-primeur-s3-folder-20251030-write-20251030181131172700000001","policy_arn":"arn:aws:iam::182545048321:policy/policy-s3-folder-20251030-write","role":"role-emeahub-primeur-s3-folder-20251030-write"},"sensitive_attributes":[],"private":"bnVsbA==","dependencies":["aws_iam_policy.permission_policy_s3_test_cross_account","aws_iam_role.role_s3_test_cross_account"]}]},{"mode":"managed","type":"aws_s3_bucket","name":"bucket-mockup-prod","provider":"provider[\"registry.opentofu.org/hashicorp/aws\"]","instances":[{"schema_version":0,"attributes":{"acceleration_status":"","acl":null,"arn":"arn:aws:s3:::s3-gdrps3-etl-np-bsn0029686-mockup-prod-eu-west-1","bucket":"s3-gdrps3-etl-np-bsn0029686-mockup-prod-eu-west-1","bucket_domain_name":"s3-gdrps3-etl-np-bsn0029686-mockup-prod-eu-west-1.s3.amazonaws.com","bucket_prefix":"","bucket_regional_domain_name":"s3-gdrps3-etl-np-bsn0029686-mockup-prod-eu-west-1.s3.eu-west-1.amazonaws.com","cors_rule":[],"force_destroy":false,"grant":[{"id":"38d7226fda199659f870db2017fa6106823479a1f137d4949bc5509f0b8d2a19","permissions":["FULL_CONTROL"],"type":"CanonicalUser","uri":""}],"hosted_zone_id":"Z1BKCTXD74EZPE","id":"s3-gdrps3-etl-np-bsn0029686-mockup-prod-eu-west-1","lifecycle_rule":[],"logging":[],"object_lock_configuration":[],"object_lock_enabled":false,"policy":"{\"Statement\":[{\"Action\":[\"s3:ListBucket\",\"s3:GetBucketLocation\",\"s3:ListBucketMultipartUploads\",\"s3:ListBucketVersions\"],\"Condition\":{\"StringEquals\":{\"aws:SourceVpce\":\"vpce-03c3497e6ad87918e\"}},\"Effect\":\"Allow\",\"Principal\":{\"AWS\":[\"arn:aws:iam::905418403597:role/role-emeahub-primeur\",\"arn:aws:iam::899011411636:user/user-emeahub-xf-prod-automation-aid5hy7k\",\"arn:aws:iam::905418403597:role/role-emeahub-xf-prod-automation\"]},\"Resource\":\"arn:aws:s3:::s3-gdrps3-etl-np-bsn0029686-mockup-prod-eu-west-1\"},{\"Action\":[\"s3:GetObject\",\"s3:GetObjectAcl\",\"s3:GetObjectTagging\",\"s3:GetObjectVersion\",\"s3:GetObjectVersionAcl\",\"s3:GetObjectVersionTagging\",\"s3:GetObjectAttributes\",\"s3:GetObjectVersionAttributes\",\"s3:GetObjectLegalHold\",\"s3:GetObjectRetention\",\"s3:PutObject\",\"s3:PutObjectAcl\",\"s3:PutObjectTagging\",\"s3:PutObjectVersionTagging\",\"s3:PutObjectLegalHold\",\"s3:PutObjectRetention\",\"s3:DeleteObject\",\"s3:DeleteObjectVersion\",\"s3:DeleteObjectTagging\",\"s3:DeleteObjectVersionTagging\",\"s3:AbortMultipartUpload\",\"s3:ListMultipartUploadParts\",\"s3:ObjectOwnerOverrideToBucketOwner\"],\"Condition\":{\"StringEquals\":{\"aws:SourceVpce\":\"vpce-03c3497e6ad87918e\"}},\"Effect\":\"Allow\",\"Principal\":{\"AWS\":[\"arn:aws:iam::905418403597:role/role-emeahub-primeur\",\"arn:aws:iam::899011411636:user/user-emeahub-xf-prod-automation-aid5hy7k\",\"arn:aws:iam::905418403597:role/role-emeahub-xf-prod-automation\"]},\"Resource\":\"arn:aws:s3:::s3-gdrps3-etl-np-bsn0029686-mockup-prod-eu-west-1/webdac/*\"}],\"Version\":\"2012-10-17\"}","region":"eu-west-1","replication_configuration":[],"request_payer":"BucketOwner","server_side_encryption_configuration":[{"rule":[{"apply_server_side_encryption_by_default":[{"kms_master_key_id":"","sse_algorithm":"AES256"}],"bucket_key_enabled":true}]}],"tags":{},"tags_all":{},"timeouts":null,"versioning":[{"enabled":false,"mfa_delete":false}],"website":[],"website_domain":null,"website_endpoint":null},"sensitive_attributes":[],"private":"eyJlMmJmYjczMC1lY2FhLTExZTYtOGY4OC0zNDM2M2JjN2M0YzAiOnsiY3JlYXRlIjoxMjAwMDAwMDAwMDAwLCJkZWxldGUiOjM2MDAwMDAwMDAwMDAsInJlYWQiOjEyMDAwMDAwMDAwMDAsInVwZGF0ZSI6MTIwMDAwMDAwMDAwMH19"}]},{"mode":"managed","type":"aws_s3_bucket","name":"bucket-test","provider":"provider[\"registry.opentofu.org/hashicorp/aws\"]","instances":[{"schema_version":0,"attributes":{"acceleration_status":"","acl":null,"arn":"arn:aws:s3:::test-s3-gdrps3-etl-np-bsn0029686-dev-eu-west-1","bucket":"test-s3-gdrps3-etl-np-bsn0029686-dev-eu-west-1","bucket_domain_name":"test-s3-gdrps3-etl-np-bsn0029686-dev-eu-west-1.s3.amazonaws.com","bucket_prefix":"","bucket_regional_domain_name":"test-s3-gdrps3-etl-np-bsn0029686-dev-eu-west-1.s3.eu-west-1.amazonaws.com","cors_rule":[],"force_destroy":false,"grant":[{"id":"38d7226fda199659f870db2017fa6106823479a1f137d4949bc5509f0b8d2a19","permissions":["FULL_CONTROL"],"type":"CanonicalUser","uri":""}],"hosted_zone_id":"Z1BKCTXD74EZPE","id":"test-s3-gdrps3-etl-np-bsn0029686-dev-eu-west-1","lifecycle_rule":[],"logging":[],"object_lock_configuration":[],"object_lock_enabled":false,"policy":"{\"Statement\":[{\"Action\":[\"s3:ListBucket\",\"s3:GetBucketLocation\",\"s3:ListBucketMultipartUploads\",\"s3:ListBucketVersions\"],\"Condition\":{\"StringEquals\":{\"aws:SourceVpce\":\"vpce-03c3497e6ad87918e\"}},\"Effect\":\"Allow\",\"Principal\":{\"AWS\":[\"arn:aws:iam::905418403597:role/role-emeahub-primeur\",\"arn:aws:iam::899011411636:user/user-emeahub-xf-prod-automation-aid5hy7k\",\"arn:aws:iam::905418403597:role/role-emeahub-xf-prod-automation\"]},\"Resource\":\"arn:aws:s3:::test-s3-gdrps3-etl-np-bsn0029686-dev-eu-west-1\"},{\"Action\":[\"s3:GetObject\",\"s3:GetObjectAcl\",\"s3:GetObjectTagging\",\"s3:GetObjectVersion\",\"s3:GetObjectVersionAcl\",\"s3:GetObjectVersionTagging\",\"s3:GetObjectAttributes\",\"s3:GetObjectVersionAttributes\",\"s3:GetObjectLegalHold\",\"s3:GetObjectRetention\",\"s3:PutObject\",\"s3:PutObjectAcl\",\"s3:PutObjectTagging\",\"s3:PutObjectVersionTagging\",\"s3:PutObjectLegalHold\",\"s3:PutObjectRetention\",\"s3:DeleteObject\",\"s3:DeleteObjectVersion\",\"s3:DeleteObjectTagging\",\"s3:DeleteObjectVersionTagging\",\"s3:AbortMultipartUpload\",\"s3:ListMultipartUploadParts\",\"s3:ObjectOwnerOverrideToBucketOwner\"],\"Condition\":{\"StringEquals\":{\"aws:SourceVpce\":\"vpce-03c3497e6ad87918e\"}},\"Effect\":\"Allow\",\"Principal\":{\"AWS\":[\"arn:aws:iam::905418403597:role/role-emeahub-primeur\",\"arn:aws:iam::899011411636:user/user-emeahub-xf-prod-automation-aid5hy7k\",\"arn:aws:iam::905418403597:role/role-emeahub-xf-prod-automation\"]},\"Resource\":\"arn:aws:s3:::test-s3-gdrps3-etl-np-bsn0029686-dev-eu-west-1/webdac/*\"}],\"Version\":\"2012-10-17\"}","region":"eu-west-1","replication_configuration":[],"request_payer":"BucketOwner","server_side_encryption_configuration":[{"rule":[{"apply_server_side_encryption_by_default":[{"kms_master_key_id":"","sse_algorithm":"AES256"}],"bucket_key_enabled":true}]}],"tags":{},"tags_all":{},"timeouts":null,"versioning":[{"enabled":false,"mfa_delete":false}],"website":[],"website_domain":null,"website_endpoint":null},"sensitive_attributes":[],"private":"eyJlMmJmYjczMC1lY2FhLTExZTYtOGY4OC0zNDM2M2JjN2M0YzAiOnsiY3JlYXRlIjoxMjAwMDAwMDAwMDAwLCJkZWxldGUiOjM2MDAwMDAwMDAwMDAsInJlYWQiOjEyMDAwMDAwMDAwMDAsInVwZGF0ZSI6MTIwMDAwMDAwMDAwMH19"}]},{"mode":"managed","type":"aws_s3_bucket","name":"bucket-test-2","provider":"provider[\"registry.opentofu.org/hashicorp/aws\"]","instances":[{"schema_version":0,"attributes":{"acceleration_status":"","acl":null,"arn":"arn:aws:s3:::bucket-20251030-ncv134fkfvrtvrwn","bucket":"bucket-20251030-ncv134fkfvrtvrwn","bucket_domain_name":"bucket-20251030-ncv134fkfvrtvrwn.s3.amazonaws.com","bucket_prefix":"","bucket_regional_domain_name":"bucket-20251030-ncv134fkfvrtvrwn.s3.eu-west-1.amazonaws.com","cors_rule":[],"force_destroy":false,"grant":[{"id":"38d7226fda199659f870db2017fa6106823479a1f137d4949bc5509f0b8d2a19","permissions":["FULL_CONTROL"],"type":"CanonicalUser","uri":""}],"hosted_zone_id":"Z1BKCTXD74EZPE","id":"bucket-20251030-ncv134fkfvrtvrwn","lifecycle_rule":[],"logging":[],"object_lock_configuration":[],"object_lock_enabled":false,"policy":"{\"Statement\":[{\"Action\":[\"s3:ListBucket\",\"s3:GetBucketLocation\",\"s3:ListBucketMultipartUploads\",\"s3:ListBucketVersions\"],\"Condition\":{\"StringEquals\":{\"aws:SourceVpce\":\"vpce-03c3497e6ad87918e\"}},\"Effect\":\"Allow\",\"Principal\":{\"AWS\":[\"arn:aws:iam::905418403597:role/role-emeahub-xf-prod-automation\",\"arn:aws:iam::905418403597:role/role-emeahub-primeur-test\",\"arn:aws:iam::899011411636:user/user-emeahub-xf-prod-automation-aid5hy7k\"]},\"Resource\":\"arn:aws:s3:::bucket-20251030-ncv134fkfvrtvrwn\"},{\"Action\":[\"s3:GetObject\",\"s3:GetObjectAcl\",\"s3:GetObjectTagging\",\"s3:GetObjectVersion\",\"s3:GetObjectVersionAcl\",\"s3:GetObjectVersionTagging\",\"s3:GetObjectAttributes\",\"s3:GetObjectVersionAttributes\",\"s3:GetObjectLegalHold\",\"s3:GetObjectRetention\",\"s3:PutObject\",\"s3:PutObjectAcl\",\"s3:PutObjectTagging\",\"s3:PutObjectVersionTagging\",\"s3:PutObjectLegalHold\",\"s3:PutObjectRetention\",\"s3:DeleteObject\",\"s3:DeleteObjectVersion\",\"s3:DeleteObjectTagging\",\"s3:DeleteObjectVersionTagging\",\"s3:AbortMultipartUpload\",\"s3:ListMultipartUploadParts\",\"s3:ObjectOwnerOverrideToBucketOwner\"],\"Condition\":{\"StringEquals\":{\"aws:SourceVpce\":\"vpce-03c3497e6ad87918e\"}},\"Effect\":\"Allow\",\"Principal\":{\"AWS\":[\"arn:aws:iam::905418403597:role/role-emeahub-xf-prod-automation\",\"arn:aws:iam::905418403597:role/role-emeahub-primeur-test\",\"arn:aws:iam::899011411636:user/user-emeahub-xf-prod-automation-aid5hy7k\"]},\"Resource\":\"arn:aws:s3:::bucket-20251030-ncv134fkfvrtvrwn/folder-20251030/*\"}],\"Version\":\"2012-10-17\"}","region":"eu-west-1","replication_configuration":[],"request_payer":"BucketOwner","server_side_encryption_configuration":[{"rule":[{"apply_server_side_encryption_by_default":[{"kms_master_key_id":"","sse_algorithm":"AES256"}],"bucket_key_enabled":true}]}],"tags":{},"tags_all":{},"timeouts":null,"versioning":[{"enabled":false,"mfa_delete":false}],"website":[],"website_domain":null,"website_endpoint":null},"sensitive_attributes":[],"private":"eyJlMmJmYjczMC1lY2FhLTExZTYtOGY4OC0zNDM2M2JjN2M0YzAiOnsiY3JlYXRlIjoxMjAwMDAwMDAwMDAwLCJkZWxldGUiOjM2MDAwMDAwMDAwMDAsInJlYWQiOjEyMDAwMDAwMDAwMDAsInVwZGF0ZSI6MTIwMDAwMDAwMDAwMH19"}]},{"mode":"managed","type":"aws_s3_bucket_ownership_controls","name":"bucket-2-ownership-controls","provider":"provider[\"registry.opentofu.org/hashicorp/aws\"]","instances":[{"schema_version":0,"attributes":{"bucket":"bucket-20251030-ncv134fkfvrtvrwn","id":"bucket-20251030-ncv134fkfvrtvrwn","rule":[{"object_ownership":"BucketOwnerEnforced"}]},"sensitive_attributes":[],"private":"bnVsbA==","dependencies":["aws_s3_bucket.bucket-test-2"]}]},{"mode":"managed","type":"aws_s3_bucket_ownership_controls","name":"bucket-mockup-prod-ownership-controls","provider":"provider[\"registry.opentofu.org/hashicorp/aws\"]","instances":[{"schema_version":0,"attributes":{"bucket":"s3-gdrps3-etl-np-bsn0029686-mockup-prod-eu-west-1","id":"s3-gdrps3-etl-np-bsn0029686-mockup-prod-eu-west-1","rule":[{"object_ownership":"BucketOwnerEnforced"}]},"sensitive_attributes":[],"private":"bnVsbA==","dependencies":["aws_s3_bucket.bucket-mockup-prod"]}]},{"mode":"managed","type":"aws_s3_bucket_ownership_controls","name":"bucket-ownership-controls","provider":"provider[\"registry.opentofu.org/hashicorp/aws\"]","instances":[{"schema_version":0,"attributes":{"bucket":"test-s3-gdrps3-etl-np-bsn0029686-dev-eu-west-1","id":"test-s3-gdrps3-etl-np-bsn0029686-dev-eu-west-1","rule":[{"object_ownership":"BucketOwnerEnforced"}]},"sensitive_attributes":[],"private":"bnVsbA==","dependencies":["aws_s3_bucket.bucket-test"]}]},{"mode":"managed","type":"aws_s3_bucket_policy","name":"bucket_policy_s3_cross_account","provider":"provider[\"registry.opentofu.org/hashicorp/aws\"]","instances":[{"schema_version":0,"attributes":{"bucket":"test-s3-gdrps3-etl-np-bsn0029686-dev-eu-west-1","id":"test-s3-gdrps3-etl-np-bsn0029686-dev-eu-west-1","policy":"{\"Statement\":[{\"Action\":[\"s3:ListBucket\",\"s3:GetBucketLocation\",\"s3:ListBucketMultipartUploads\",\"s3:ListBucketVersions\"],\"Condition\":{\"StringEquals\":{\"aws:SourceVpce\":\"vpce-03c3497e6ad87918e\"}},\"Effect\":\"Allow\",\"Principal\":{\"AWS\":[\"arn:aws:iam::905418403597:role/role-emeahub-primeur\",\"arn:aws:iam::905418403597:role/role-emeahub-xf-prod-automation\",\"arn:aws:iam::899011411636:user/user-emeahub-xf-prod-automation-aid5hy7k\"]},\"Resource\":\"arn:aws:s3:::test-s3-gdrps3-etl-np-bsn0029686-dev-eu-west-1\"},{\"Action\":[\"s3:GetObject\",\"s3:GetObjectAcl\",\"s3:GetObjectTagging\",\"s3:GetObjectVersion\",\"s3:GetObjectVersionAcl\",\"s3:GetObjectVersionTagging\",\"s3:GetObjectAttributes\",\"s3:GetObjectVersionAttributes\",\"s3:GetObjectLegalHold\",\"s3:GetObjectRetention\",\"s3:PutObject\",\"s3:PutObjectAcl\",\"s3:PutObjectTagging\",\"s3:PutObjectVersionTagging\",\"s3:PutObjectLegalHold\",\"s3:PutObjectRetention\",\"s3:DeleteObject\",\"s3:DeleteObjectVersion\",\"s3:DeleteObjectTagging\",\"s3:DeleteObjectVersionTagging\",\"s3:AbortMultipartUpload\",\"s3:ListMultipartUploadParts\",\"s3:ObjectOwnerOverrideToBucketOwner\"],\"Condition\":{\"StringEquals\":{\"aws:SourceVpce\":\"vpce-03c3497e6ad87918e\"}},\"Effect\":\"Allow\",\"Principal\":{\"AWS\":[\"arn:aws:iam::905418403597:role/role-emeahub-primeur\",\"arn:aws:iam::905418403597:role/role-emeahub-xf-prod-automation\",\"arn:aws:iam::899011411636:user/user-emeahub-xf-prod-automation-aid5hy7k\"]},\"Resource\":\"arn:aws:s3:::test-s3-gdrps3-etl-np-bsn0029686-dev-eu-west-1/webdac/*\"}],\"Version\":\"2012-10-17\"}"},"sensitive_attributes":[],"private":"bnVsbA==","dependencies":["aws_s3_bucket.bucket-test"]}]},{"mode":"managed","type":"aws_s3_bucket_policy","name":"bucket_policy_s3_mockup_prod_cross_account","provider":"provider[\"registry.opentofu.org/hashicorp/aws\"]","instances":[{"schema_version":0,"attributes":{"bucket":"s3-gdrps3-etl-np-bsn0029686-mockup-prod-eu-west-1","id":"s3-gdrps3-etl-np-bsn0029686-mockup-prod-eu-west-1","policy":"{\"Statement\":[{\"Action\":[\"s3:ListBucket\",\"s3:GetBucketLocation\",\"s3:ListBucketMultipartUploads\",\"s3:ListBucketVersions\"],\"Condition\":{\"StringEquals\":{\"aws:SourceVpce\":\"vpce-03c3497e6ad87918e\"}},\"Effect\":\"Allow\",\"Principal\":{\"AWS\":[\"arn:aws:iam::905418403597:role/role-emeahub-primeur\",\"arn:aws:iam::905418403597:role/role-emeahub-xf-prod-automation\",\"arn:aws:iam::899011411636:user/user-emeahub-xf-prod-automation-aid5hy7k\"]},\"Resource\":[\"arn:aws:s3:::s3-gdrps3-etl-np-bsn0029686-mockup-prod-eu-west-1\"]},{\"Action\":[\"s3:GetObject\",\"s3:GetObjectAcl\",\"s3:GetObjectTagging\",\"s3:GetObjectVersion\",\"s3:GetObjectVersionAcl\",\"s3:GetObjectVersionTagging\",\"s3:GetObjectAttributes\",\"s3:GetObjectVersionAttributes\",\"s3:GetObjectLegalHold\",\"s3:GetObjectRetention\",\"s3:PutObject\",\"s3:PutObjectAcl\",\"s3:PutObjectTagging\",\"s3:PutObjectVersionTagging\",\"s3:PutObjectLegalHold\",\"s3:PutObjectRetention\",\"s3:DeleteObject\",\"s3:DeleteObjectVersion\",\"s3:DeleteObjectTagging\",\"s3:DeleteObjectVersionTagging\",\"s3:AbortMultipartUpload\",\"s3:ListMultipartUploadParts\",\"s3:ObjectOwnerOverrideToBucketOwner\"],\"Condition\":{\"StringEquals\":{\"aws:SourceVpce\":\"vpce-03c3497e6ad87918e\"}},\"Effect\":\"Allow\",\"Principal\":{\"AWS\":[\"arn:aws:iam::905418403597:role/role-emeahub-primeur\",\"arn:aws:iam::905418403597:role/role-emeahub-xf-prod-automation\",\"arn:aws:iam::899011411636:user/user-emeahub-xf-prod-automation-aid5hy7k\"]},\"Resource\":[\"arn:aws:s3:::s3-gdrps3-etl-np-bsn0029686-mockup-prod-eu-west-1/webdac/*\"]}],\"Version\":\"2012-10-17\"}"},"sensitive_attributes":[],"private":"bnVsbA==","dependencies":["aws_s3_bucket.bucket-mockup-prod"]}]},{"mode":"managed","type":"aws_s3_bucket_policy","name":"bucket_policy_s3_test_cross_account","provider":"provider[\"registry.opentofu.org/hashicorp/aws\"]","instances":[{"schema_version":0,"attributes":{"bucket":"bucket-20251030-ncv134fkfvrtvrwn","id":"bucket-20251030-ncv134fkfvrtvrwn","policy":"{\"Statement\":[{\"Action\":[\"s3:ListBucket\",\"s3:GetBucketLocation\",\"s3:ListBucketMultipartUploads\",\"s3:ListBucketVersions\"],\"Condition\":{\"StringEquals\":{\"aws:SourceVpce\":\"vpce-03c3497e6ad87918e\"}},\"Effect\":\"Allow\",\"Principal\":{\"AWS\":[\"arn:aws:iam::905418403597:role/role-emeahub-primeur-test\",\"arn:aws:iam::905418403597:role/role-emeahub-xf-prod-automation\",\"arn:aws:iam::899011411636:user/user-emeahub-xf-prod-automation-aid5hy7k\"]},\"Resource\":\"arn:aws:s3:::bucket-20251030-ncv134fkfvrtvrwn\"},{\"Action\":[\"s3:GetObject\",\"s3:GetObjectAcl\",\"s3:GetObjectTagging\",\"s3:GetObjectVersion\",\"s3:GetObjectVersionAcl\",\"s3:GetObjectVersionTagging\",\"s3:GetObjectAttributes\",\"s3:GetObjectVersionAttributes\",\"s3:GetObjectLegalHold\",\"s3:GetObjectRetention\",\"s3:PutObject\",\"s3:PutObjectAcl\",\"s3:PutObjectTagging\",\"s3:PutObjectVersionTagging\",\"s3:PutObjectLegalHold\",\"s3:PutObjectRetention\",\"s3:DeleteObject\",\"s3:DeleteObjectVersion\",\"s3:DeleteObjectTagging\",\"s3:DeleteObjectVersionTagging\",\"s3:AbortMultipartUpload\",\"s3:ListMultipartUploadParts\",\"s3:ObjectOwnerOverrideToBucketOwner\"],\"Condition\":{\"StringEquals\":{\"aws:SourceVpce\":\"vpce-03c3497e6ad87918e\"}},\"Effect\":\"Allow\",\"Principal\":{\"AWS\":[\"arn:aws:iam::905418403597:role/role-emeahub-primeur-test\",\"arn:aws:iam::905418403597:role/role-emeahub-xf-prod-automation\",\"arn:aws:iam::899011411636:user/user-emeahub-xf-prod-automation-aid5hy7k\"]},\"Resource\":\"arn:aws:s3:::bucket-20251030-ncv134fkfvrtvrwn/folder-20251030/*\"}],\"Version\":\"2012-10-17\"}"},"sensitive_attributes":[],"private":"bnVsbA==","dependencies":["aws_s3_bucket.bucket-test-2"]}]},{"mode":"managed","type":"aws_s3_bucket_public_access_block","name":"bucket-2-public-access-block","provider":"provider[\"registry.opentofu.org/hashicorp/aws\"]","instances":[{"schema_version":0,"attributes":{"block_public_acls":true,"block_public_policy":true,"bucket":"bucket-20251030-ncv134fkfvrtvrwn","id":"bucket-20251030-ncv134fkfvrtvrwn","ignore_public_acls":true,"restrict_public_buckets":true},"sensitive_attributes":[],"private":"bnVsbA==","dependencies":["aws_s3_bucket.bucket-test-2"]}]},{"mode":"managed","type":"aws_s3_bucket_public_access_block","name":"bucket-mockup-prod-public-access-block","provider":"provider[\"registry.opentofu.org/hashicorp/aws\"]","instances":[{"schema_version":0,"attributes":{"block_public_acls":true,"block_public_policy":true,"bucket":"s3-gdrps3-etl-np-bsn0029686-mockup-prod-eu-west-1","id":"s3-gdrps3-etl-np-bsn0029686-mockup-prod-eu-west-1","ignore_public_acls":true,"restrict_public_buckets":true},"sensitive_attributes":[],"private":"bnVsbA==","dependencies":["aws_s3_bucket.bucket-mockup-prod"]}]},{"mode":"managed","type":"aws_s3_bucket_public_access_block","name":"bucket-public-access-block","provider":"provider[\"registry.opentofu.org/hashicorp/aws\"]","instances":[{"schema_version":0,"attributes":{"block_public_acls":true,"block_public_policy":true,"bucket":"test-s3-gdrps3-etl-np-bsn0029686-dev-eu-west-1","id":"test-s3-gdrps3-etl-np-bsn0029686-dev-eu-west-1","ignore_public_acls":true,"restrict_public_buckets":true},"sensitive_attributes":[],"private":"bnVsbA==","dependencies":["aws_s3_bucket.bucket-test"]}]},{"mode":"managed","type":"aws_s3_bucket_server_side_encryption_configuration","name":"bucket-2-server-side-encryption","provider":"provider[\"registry.opentofu.org/hashicorp/aws\"]","instances":[{"schema_version":0,"attributes":{"bucket":"bucket-20251030-ncv134fkfvrtvrwn","expected_bucket_owner":"","id":"bucket-20251030-ncv134fkfvrtvrwn","rule":[{"apply_server_side_encryption_by_default":[{"kms_master_key_id":"","sse_algorithm":"AES256"}],"bucket_key_enabled":true}]},"sensitive_attributes":[],"private":"bnVsbA==","dependencies":["aws_s3_bucket.bucket-test-2"]}]},{"mode":"managed","type":"aws_s3_bucket_server_side_encryption_configuration","name":"bucket-mockup-prod-server-side-encryption","provider":"provider[\"registry.opentofu.org/hashicorp/aws\"]","instances":[{"schema_version":0,"attributes":{"bucket":"s3-gdrps3-etl-np-bsn0029686-mockup-prod-eu-west-1","expected_bucket_owner":"","id":"s3-gdrps3-etl-np-bsn0029686-mockup-prod-eu-west-1","rule":[{"apply_server_side_encryption_by_default":[{"kms_master_key_id":"","sse_algorithm":"AES256"}],"bucket_key_enabled":true}]},"sensitive_attributes":[],"private":"bnVsbA==","dependencies":["aws_s3_bucket.bucket-mockup-prod"]}]},{"mode":"managed","type":"aws_s3_bucket_server_side_encryption_configuration","name":"bucket-server-side-encryption","provider":"provider[\"registry.opentofu.org/hashicorp/aws\"]","instances":[{"schema_version":0,"attributes":{"bucket":"test-s3-gdrps3-etl-np-bsn0029686-dev-eu-west-1","expected_bucket_owner":"","id":"test-s3-gdrps3-etl-np-bsn0029686-dev-eu-west-1","rule":[{"apply_server_side_encryption_by_default":[{"kms_master_key_id":"","sse_algorithm":"AES256"}],"bucket_key_enabled":true}]},"sensitive_attributes":[],"private":"bnVsbA==","dependencies":["aws_s3_bucket.bucket-test"]}]},{"mode":"managed","type":"aws_s3_object","name":"bucket-mockup-prod-first-folder","provider":"provider[\"registry.opentofu.org/hashicorp/aws\"]","instances":[{"schema_version":0,"attributes":{"acl":"private","arn":"arn:aws:s3:::s3-gdrps3-etl-np-bsn0029686-mockup-prod-eu-west-1/webdac/","bucket":"s3-gdrps3-etl-np-bsn0029686-mockup-prod-eu-west-1","bucket_key_enabled":false,"cache_control":"","checksum_algorithm":null,"checksum_crc32":"","checksum_crc32c":"","checksum_crc64nvme":"","checksum_sha1":"","checksum_sha256":"","content":null,"content_base64":null,"content_disposition":"","content_encoding":"","content_language":"","content_type":"application/octet-stream","etag":"d41d8cd98f00b204e9800998ecf8427e","force_destroy":false,"id":"webdac/","key":"webdac/","kms_key_id":null,"metadata":{},"object_lock_legal_hold_status":"","object_lock_mode":"","object_lock_retain_until_date":"","override_provider":[],"server_side_encryption":"AES256","source":null,"source_hash":null,"storage_class":"STANDARD","tags":{},"tags_all":{},"version_id":"","website_redirect":""},"sensitive_attributes":[],"private":"bnVsbA==","dependencies":["aws_s3_bucket.bucket-mockup-prod"]}]},{"mode":"managed","type":"aws_s3_object","name":"bucket-test-2-first-folder","provider":"provider[\"registry.opentofu.org/hashicorp/aws\"]","instances":[{"schema_version":0,"attributes":{"acl":"private","arn":"arn:aws:s3:::bucket-20251030-ncv134fkfvrtvrwn/folder-20251030/","bucket":"bucket-20251030-ncv134fkfvrtvrwn","bucket_key_enabled":false,"cache_control":"","checksum_algorithm":null,"checksum_crc32":"","checksum_crc32c":"","checksum_crc64nvme":"","checksum_sha1":"","checksum_sha256":"","content":null,"content_base64":null,"content_disposition":"","content_encoding":"","content_language":"","content_type":"application/octet-stream","etag":"d41d8cd98f00b204e9800998ecf8427e","force_destroy":false,"id":"folder-20251030/","key":"folder-20251030/","kms_key_id":null,"metadata":{},"object_lock_legal_hold_status":"","object_lock_mode":"","object_lock_retain_until_date":"","override_provider":[],"server_side_encryption":"AES256","source":null,"source_hash":null,"storage_class":"STANDARD","tags":{},"tags_all":{},"version_id":"","website_redirect":""},"sensitive_attributes":[],"private":"bnVsbA==","dependencies":["aws_s3_bucket.bucket-test-2"]}]},{"mode":"managed","type":"aws_s3_object","name":"bucket-test-first-folder","provider":"provider[\"registry.opentofu.org/hashicorp/aws\"]","instances":[{"schema_version":0,"attributes":{"acl":"private","arn":"arn:aws:s3:::test-s3-gdrps3-etl-np-bsn0029686-dev-eu-west-1/webdac/","bucket":"test-s3-gdrps3-etl-np-bsn0029686-dev-eu-west-1","bucket_key_enabled":false,"cache_control":"","checksum_algorithm":null,"checksum_crc32":"","checksum_crc32c":"","checksum_crc64nvme":"","checksum_sha1":"","checksum_sha256":"","content":null,"content_base64":null,"content_disposition":"","content_encoding":"","content_language":"","content_type":"application/octet-stream","etag":"d41d8cd98f00b204e9800998ecf8427e","force_destroy":false,"id":"webdac/","key":"webdac/","kms_key_id":null,"metadata":{},"object_lock_legal_hold_status":"","object_lock_mode":"","object_lock_retain_until_date":"","override_provider":[],"server_side_encryption":"AES256","source":null,"source_hash":null,"storage_class":"STANDARD","tags":{},"tags_all":{},"version_id":"","website_redirect":""},"sensitive_attributes":[],"private":"bnVsbA==","dependencies":["aws_s3_bucket.bucket-test"]}]}],"check_results":null}
